// !$*UTF8*$!
{
	archiveVersion = 1;
	classes = {
	};
	objectVersion = 56;
	objects = {

/* Begin PBXBuildFile section */
		0441805D2A61CD2E00E995C5 /* Simulator Screenshot - iPhone 14 Pro - 2023-07-15 at 00.00.43.png in Resources */ = {isa = PBXBuildFile; fileRef = 0441805C2A61CD2E00E995C5 /* Simulator Screenshot - iPhone 14 Pro - 2023-07-15 at 00.00.43.png */; };
		629F0BEE28D60C620043B587 /* QRCode_GeneratorApp.swift in Sources */ = {isa = PBXBuildFile; fileRef = 629F0BED28D60C620043B587 /* QRCode_GeneratorApp.swift */; };
		629F0BF028D60C620043B587 /* ContentView.swift in Sources */ = {isa = PBXBuildFile; fileRef = 629F0BEF28D60C620043B587 /* ContentView.swift */; };
		629F0BF228D60C640043B587 /* Assets.xcassets in Resources */ = {isa = PBXBuildFile; fileRef = 629F0BF128D60C640043B587 /* Assets.xcassets */; };
		629F0BF528D60C640043B587 /* Preview Assets.xcassets in Resources */ = {isa = PBXBuildFile; fileRef = 629F0BF428D60C640043B587 /* Preview Assets.xcassets */; };
		629F0BFF28D60C640043B587 /* QRCode_GeneratorTests.swift in Sources */ = {isa = PBXBuildFile; fileRef = 629F0BFE28D60C640043B587 /* QRCode_GeneratorTests.swift */; };
		629F0C0928D60C640043B587 /* QRCode_GeneratorUITests.swift in Sources */ = {isa = PBXBuildFile; fileRef = 629F0C0828D60C640043B587 /* QRCode_GeneratorUITests.swift */; };
		629F0C0B28D60C640043B587 /* QRCode_GeneratorUITestsLaunchTests.swift in Sources */ = {isa = PBXBuildFile; fileRef = 629F0C0A28D60C640043B587 /* QRCode_GeneratorUITestsLaunchTests.swift */; };
/* End PBXBuildFile section */

/* Begin PBXContainerItemProxy section */
		629F0BFB28D60C640043B587 /* PBXContainerItemProxy */ = {
			isa = PBXContainerItemProxy;
			containerPortal = 629F0BE228D60C620043B587 /* Project object */;
			proxyType = 1;
			remoteGlobalIDString = 629F0BE928D60C620043B587;
			remoteInfo = "QRCode Generator";
		};
		629F0C0528D60C640043B587 /* PBXContainerItemProxy */ = {
			isa = PBXContainerItemProxy;
			containerPortal = 629F0BE228D60C620043B587 /* Project object */;
			proxyType = 1;
			remoteGlobalIDString = 629F0BE928D60C620043B587;
			remoteInfo = "QRCode Generator";
		};
/* End PBXContainerItemProxy section */

/* Begin PBXFileReference section */
		0441805C2A61CD2E00E995C5 /* Simulator Screenshot - iPhone 14 Pro - 2023-07-15 at 00.00.43.png */ = {isa = PBXFileReference; lastKnownFileType = image.png; path = "Simulator Screenshot - iPhone 14 Pro - 2023-07-15 at 00.00.43.png"; sourceTree = "<group>"; };
		629F0BEA28D60C620043B587 /* QRCode Generator.app */ = {isa = PBXFileReference; explicitFileType = wrapper.application; includeInIndex = 0; path = "QRCode Generator.app"; sourceTree = BUILT_PRODUCTS_DIR; };
		629F0BED28D60C620043B587 /* QRCode_GeneratorApp.swift */ = {isa = PBXFileReference; lastKnownFileType = sourcecode.swift; path = QRCode_GeneratorApp.swift; sourceTree = "<group>"; };
		629F0BEF28D60C620043B587 /* ContentView.swift */ = {isa = PBXFileReference; lastKnownFileType = sourcecode.swift; path = ContentView.swift; sourceTree = "<group>"; };
		629F0BF128D60C640043B587 /* Assets.xcassets */ = {isa = PBXFileReference; lastKnownFileType = folder.assetcatalog; path = Assets.xcassets; sourceTree = "<group>"; };
		629F0BF428D60C640043B587 /* Preview Assets.xcassets */ = {isa = PBXFileReference; lastKnownFileType = folder.assetcatalog; path = "Preview Assets.xcassets"; sourceTree = "<group>"; };
		629F0BFA28D60C640043B587 /* QRCode GeneratorTests.xctest */ = {isa = PBXFileReference; explicitFileType = wrapper.cfbundle; includeInIndex = 0; path = "QRCode GeneratorTests.xctest"; sourceTree = BUILT_PRODUCTS_DIR; };
		629F0BFE28D60C640043B587 /* QRCode_GeneratorTests.swift */ = {isa = PBXFileReference; lastKnownFileType = sourcecode.swift; path = QRCode_GeneratorTests.swift; sourceTree = "<group>"; };
		629F0C0428D60C640043B587 /* QRCode GeneratorUITests.xctest */ = {isa = PBXFileReference; explicitFileType = wrapper.cfbundle; includeInIndex = 0; path = "QRCode GeneratorUITests.xctest"; sourceTree = BUILT_PRODUCTS_DIR; };
		629F0C0828D60C640043B587 /* QRCode_GeneratorUITests.swift */ = {isa = PBXFileReference; lastKnownFileType = sourcecode.swift; path = QRCode_GeneratorUITests.swift; sourceTree = "<group>"; };
		629F0C0A28D60C640043B587 /* QRCode_GeneratorUITestsLaunchTests.swift */ = {isa = PBXFileReference; lastKnownFileType = sourcecode.swift; path = QRCode_GeneratorUITestsLaunchTests.swift; sourceTree = "<group>"; };
/* End PBXFileReference section */

/* Begin PBXFrameworksBuildPhase section */
		629F0BE728D60C620043B587 /* Frameworks */ = {
			isa = PBXFrameworksBuildPhase;
			buildActionMask = 2147483647;
			files = (
			);
			runOnlyForDeploymentPostprocessing = 0;
		};
		629F0BF728D60C640043B587 /* Frameworks */ = {
			isa = PBXFrameworksBuildPhase;
			buildActionMask = 2147483647;
			files = (
			);
			runOnlyForDeploymentPostprocessing = 0;
		};
		629F0C0128D60C640043B587 /* Frameworks */ = {
			isa = PBXFrameworksBuildPhase;
			buildActionMask = 2147483647;
			files = (
			);
			runOnlyForDeploymentPostprocessing = 0;
		};
/* End PBXFrameworksBuildPhase section */

/* Begin PBXGroup section */
		629F0BE128D60C620043B587 = {
			isa = PBXGroup;
			children = (
				629F0BEC28D60C620043B587 /* QRCode Generator */,
				629F0BFD28D60C640043B587 /* QRCode GeneratorTests */,
				629F0C0728D60C640043B587 /* QRCode GeneratorUITests */,
				629F0BEB28D60C620043B587 /* Products */,
			);
			sourceTree = "<group>";
		};
		629F0BEB28D60C620043B587 /* Products */ = {
			isa = PBXGroup;
			children = (
				629F0BEA28D60C620043B587 /* QRCode Generator.app */,
				629F0BFA28D60C640043B587 /* QRCode GeneratorTests.xctest */,
				629F0C0428D60C640043B587 /* QRCode GeneratorUITests.xctest */,
			);
			name = Products;
			sourceTree = "<group>";
		};
		629F0BEC28D60C620043B587 /* QRCode Generator */ = {
			isa = PBXGroup;
			children = (
				629F0BED28D60C620043B587 /* QRCode_GeneratorApp.swift */,
				629F0BEF28D60C620043B587 /* ContentView.swift */,
				629F0BF128D60C640043B587 /* Assets.xcassets */,
				0441805C2A61CD2E00E995C5 /* Simulator Screenshot - iPhone 14 Pro - 2023-07-15 at 00.00.43.png */,
				629F0BF328D60C640043B587 /* Preview Content */,
			);
			path = "QRCode Generator";
			sourceTree = "<group>";
		};
		629F0BF328D60C640043B587 /* Preview Content */ = {
			isa = PBXGroup;
			children = (
				629F0BF428D60C640043B587 /* Preview Assets.xcassets */,
			);
			path = "Preview Content";
			sourceTree = "<group>";
		};
		629F0BFD28D60C640043B587 /* QRCode GeneratorTests */ = {
			isa = PBXGroup;
			children = (
				629F0BFE28D60C640043B587 /* QRCode_GeneratorTests.swift */,
			);
			path = "QRCode GeneratorTests";
			sourceTree = "<group>";
		};
		629F0C0728D60C640043B587 /* QRCode GeneratorUITests */ = {
			isa = PBXGroup;
			children = (
				629F0C0828D60C640043B587 /* QRCode_GeneratorUITests.swift */,
				629F0C0A28D60C640043B587 /* QRCode_GeneratorUITestsLaunchTests.swift */,
			);
			path = "QRCode GeneratorUITests";
			sourceTree = "<group>";
		};
/* End PBXGroup section */

/* Begin PBXNativeTarget section */
		629F0BE928D60C620043B587 /* QRCode Generator */ = {
			isa = PBXNativeTarget;
			buildConfigurationList = 629F0C0E28D60C640043B587 /* Build configuration list for PBXNativeTarget "QRCode Generator" */;
			buildPhases = (
				629F0BE628D60C620043B587 /* Sources */,
				629F0BE728D60C620043B587 /* Frameworks */,
				629F0BE828D60C620043B587 /* Resources */,
			);
			buildRules = (
			);
			dependencies = (
			);
			name = "QRCode Generator";
			productName = "QRCode Generator";
			productReference = 629F0BEA28D60C620043B587 /* QRCode Generator.app */;
			productType = "com.apple.product-type.application";
		};
		629F0BF928D60C640043B587 /* QRCode GeneratorTests */ = {
			isa = PBXNativeTarget;
			buildConfigurationList = 629F0C1128D60C640043B587 /* Build configuration list for PBXNativeTarget "QRCode GeneratorTests" */;
			buildPhases = (
				629F0BF628D60C640043B587 /* Sources */,
				629F0BF728D60C640043B587 /* Frameworks */,
				629F0BF828D60C640043B587 /* Resources */,
			);
			buildRules = (
			);
			dependencies = (
				629F0BFC28D60C640043B587 /* PBXTargetDependency */,
			);
			name = "QRCode GeneratorTests";
			productName = "QRCode GeneratorTests";
			productReference = 629F0BFA28D60C640043B587 /* QRCode GeneratorTests.xctest */;
			productType = "com.apple.product-type.bundle.unit-test";
		};
		629F0C0328D60C640043B587 /* QRCode GeneratorUITests */ = {
			isa = PBXNativeTarget;
			buildConfigurationList = 629F0C1428D60C640043B587 /* Build configuration list for PBXNativeTarget "QRCode GeneratorUITests" */;
			buildPhases = (
				629F0C0028D60C640043B587 /* Sources */,
				629F0C0128D60C640043B587 /* Frameworks */,
				629F0C0228D60C640043B587 /* Resources */,
			);
			buildRules = (
			);
			dependencies = (
				629F0C0628D60C640043B587 /* PBXTargetDependency */,
			);
			name = "QRCode GeneratorUITests";
			productName = "QRCode GeneratorUITests";
			productReference = 629F0C0428D60C640043B587 /* QRCode GeneratorUITests.xctest */;
			productType = "com.apple.product-type.bundle.ui-testing";
		};
/* End PBXNativeTarget section */

/* Begin PBXProject section */
		629F0BE228D60C620043B587 /* Project object */ = {
			isa = PBXProject;
			attributes = {
				BuildIndependentTargetsInParallel = 1;
				LastSwiftUpdateCheck = 1400;
				LastUpgradeCheck = 1400;
				TargetAttributes = {
					629F0BE928D60C620043B587 = {
						CreatedOnToolsVersion = 14.0;
					};
					629F0BF928D60C640043B587 = {
						CreatedOnToolsVersion = 14.0;
						TestTargetID = 629F0BE928D60C620043B587;
					};
					629F0C0328D60C640043B587 = {
						CreatedOnToolsVersion = 14.0;
						TestTargetID = 629F0BE928D60C620043B587;
					};
				};
			};
			buildConfigurationList = 629F0BE528D60C620043B587 /* Build configuration list for PBXProject "QRCode Generator" */;
			compatibilityVersion = "Xcode 14.0";
			developmentRegion = en;
			hasScannedForEncodings = 0;
			knownRegions = (
				en,
				Base,
			);
			mainGroup = 629F0BE128D60C620043B587;
			productRefGroup = 629F0BEB28D60C620043B587 /* Products */;
			projectDirPath = "";
			projectRoot = "";
			targets = (
				629F0BE928D60C620043B587 /* QRCode Generator */,
				629F0BF928D60C640043B587 /* QRCode GeneratorTests */,
				629F0C0328D60C640043B587 /* QRCode GeneratorUITests */,
			);
		};
/* End PBXProject section */

/* Begin PBXResourcesBuildPhase section */
		629F0BE828D60C620043B587 /* Resources */ = {
			isa = PBXResourcesBuildPhase;
			buildActionMask = 2147483647;
			files = (
				629F0BF528D60C640043B587 /* Preview Assets.xcassets in Resources */,
				629F0BF228D60C640043B587 /* Assets.xcassets in Resources */,
				0441805D2A61CD2E00E995C5 /* Simulator Screenshot - iPhone 14 Pro - 2023-07-15 at 00.00.43.png in Resources */,
			);
			runOnlyForDeploymentPostprocessing = 0;
		};
		629F0BF828D60C640043B587 /* Resources */ = {
			isa = PBXResourcesBuildPhase;
			buildActionMask = 2147483647;
			files = (
			);
			runOnlyForDeploymentPostprocessing = 0;
		};
		629F0C0228D60C640043B587 /* Resources */ = {
			isa = PBXResourcesBuildPhase;
			buildActionMask = 2147483647;
			files = (
			);
			runOnlyForDeploymentPostprocessing = 0;
		};
/* End PBXResourcesBuildPhase section */

/* Begin PBXSourcesBuildPhase section */
		629F0BE628D60C620043B587 /* Sources */ = {
			isa = PBXSourcesBuildPhase;
			buildActionMask = 2147483647;
			files = (
				629F0BF028D60C620043B587 /* ContentView.swift in Sources */,
				629F0BEE28D60C620043B587 /* QRCode_GeneratorApp.swift in Sources */,
			);
			runOnlyForDeploymentPostprocessing = 0;
		};
		629F0BF628D60C640043B587 /* Sources */ = {
			isa = PBXSourcesBuildPhase;
			buildActionMask = 2147483647;
			files = (
				629F0BFF28D60C640043B587 /* QRCode_GeneratorTests.swift in Sources */,
			);
			runOnlyForDeploymentPostprocessing = 0;
		};
		629F0C0028D60C640043B587 /* Sources */ = {
			isa = PBXSourcesBuildPhase;
			buildActionMask = 2147483647;
			files = (
				629F0C0B28D60C640043B587 /* QRCode_GeneratorUITestsLaunchTests.swift in Sources */,
				629F0C0928D60C640043B587 /* QRCode_GeneratorUITests.swift in Sources */,
			);
			runOnlyForDeploymentPostprocessing = 0;
		};
/* End PBXSourcesBuildPhase section */

/* Begin PBXTargetDependency section */
		629F0BFC28D60C640043B587 /* PBXTargetDependency */ = {
			isa = PBXTargetDependency;
			target = 629F0BE928D60C620043B587 /* QRCode Generator */;
			targetProxy = 629F0BFB28D60C640043B587 /* PBXContainerItemProxy */;
		};
		629F0C0628D60C640043B587 /* PBXTargetDependency */ = {
			isa = PBXTargetDependency;
			target = 629F0BE928D60C620043B587 /* QRCode Generator */;
			targetProxy = 629F0C0528D60C640043B587 /* PBXContainerItemProxy */;
		};
/* End PBXTargetDependency section */

/* Begin XCBuildConfiguration section */
		629F0C0C28D60C640043B587 /* Debug */ = {
			isa = XCBuildConfiguration;
			buildSettings = {
				ALWAYS_SEARCH_USER_PATHS = NO;
				CLANG_ANALYZER_NONNULL = YES;
				CLANG_ANALYZER_NUMBER_OBJECT_CONVERSION = YES_AGGRESSIVE;
				CLANG_CXX_LANGUAGE_STANDARD = "gnu++20";
				CLANG_ENABLE_MODULES = YES;
				CLANG_ENABLE_OBJC_ARC = YES;
				CLANG_ENABLE_OBJC_WEAK = YES;
				CLANG_WARN_BLOCK_CAPTURE_AUTORELEASING = YES;
				CLANG_WARN_BOOL_CONVERSION = YES;
				CLANG_WARN_COMMA = YES;
				CLANG_WARN_CONSTANT_CONVERSION = YES;
				CLANG_WARN_DEPRECATED_OBJC_IMPLEMENTATIONS = YES;
				CLANG_WARN_DIRECT_OBJC_ISA_USAGE = YES_ERROR;
				CLANG_WARN_DOCUMENTATION_COMMENTS = YES;
				CLANG_WARN_EMPTY_BODY = YES;
				CLANG_WARN_ENUM_CONVERSION = YES;
				CLANG_WARN_INFINITE_RECURSION = YES;
				CLANG_WARN_INT_CONVERSION = YES;
				CLANG_WARN_NON_LITERAL_NULL_CONVERSION = YES;
				CLANG_WARN_OBJC_IMPLICIT_RETAIN_SELF = YES;
				CLANG_WARN_OBJC_LITERAL_CONVERSION = YES;
				CLANG_WARN_OBJC_ROOT_CLASS = YES_ERROR;
				CLANG_WARN_QUOTED_INCLUDE_IN_FRAMEWORK_HEADER = YES;
				CLANG_WARN_RANGE_LOOP_ANALYSIS = YES;
				CLANG_WARN_STRICT_PROTOTYPES = YES;
				CLANG_WARN_SUSPICIOUS_MOVE = YES;
				CLANG_WARN_UNGUARDED_AVAILABILITY = YES_AGGRESSIVE;
				CLANG_WARN_UNREACHABLE_CODE = YES;
				CLANG_WARN__DUPLICATE_METHOD_MATCH = YES;
				COPY_PHASE_STRIP = NO;
				DEBUG_INFORMATION_FORMAT = dwarf;
				ENABLE_STRICT_OBJC_MSGSEND = YES;
				ENABLE_TESTABILITY = YES;
				GCC_C_LANGUAGE_STANDARD = gnu11;
				GCC_DYNAMIC_NO_PIC = NO;
				GCC_NO_COMMON_BLOCKS = YES;
				GCC_OPTIMIZATION_LEVEL = 0;
				GCC_PREPROCESSOR_DEFINITIONS = (
					"DEBUG=1",
					"$(inherited)",
				);
				GCC_WARN_64_TO_32_BIT_CONVERSION = YES;
				GCC_WARN_ABOUT_RETURN_TYPE = YES_ERROR;
				GCC_WARN_UNDECLARED_SELECTOR = YES;
				GCC_WARN_UNINITIALIZED_AUTOS = YES_AGGRESSIVE;
				GCC_WARN_UNUSED_FUNCTION = YES;
				GCC_WARN_UNUSED_VARIABLE = YES;
				IPHONEOS_DEPLOYMENT_TARGET = 16.0;
				MTL_ENABLE_DEBUG_INFO = INCLUDE_SOURCE;
				MTL_FAST_MATH = YES;
				ONLY_ACTIVE_ARCH = YES;
				SDKROOT = iphoneos;
				SWIFT_ACTIVE_COMPILATION_CONDITIONS = DEBUG;
				SWIFT_OPTIMIZATION_LEVEL = "-Onone";
			};
			name = Debug;
		};
		629F0C0D28D60C640043B587 /* Release */ = {
			isa = XCBuildConfiguration;
			buildSettings = {
				ALWAYS_SEARCH_USER_PATHS = NO;
				CLANG_ANALYZER_NONNULL = YES;
				CLANG_ANALYZER_NUMBER_OBJECT_CONVERSION = YES_AGGRESSIVE;
				CLANG_CXX_LANGUAGE_STANDARD = "gnu++20";
				CLANG_ENABLE_MODULES = YES;
				CLANG_ENABLE_OBJC_ARC = YES;
				CLANG_ENABLE_OBJC_WEAK = YES;
				CLANG_WARN_BLOCK_CAPTURE_AUTORELEASING = YES;
				CLANG_WARN_BOOL_CONVERSION = YES;
				CLANG_WARN_COMMA = YES;
				CLANG_WARN_CONSTANT_CONVERSION = YES;
				CLANG_WARN_DEPRECATED_OBJC_IMPLEMENTATIONS = YES;
				CLANG_WARN_DIRECT_OBJC_ISA_USAGE = YES_ERROR;
				CLANG_WARN_DOCUMENTATION_COMMENTS = YES;
				CLANG_WARN_EMPTY_BODY = YES;
				CLANG_WARN_ENUM_CONVERSION = YES;
				CLANG_WARN_INFINITE_RECURSION = YES;
				CLANG_WARN_INT_CONVERSION = YES;
				CLANG_WARN_NON_LITERAL_NULL_CONVERSION = YES;
				CLANG_WARN_OBJC_IMPLICIT_RETAIN_SELF = YES;
				CLANG_WARN_OBJC_LITERAL_CONVERSION = YES;
				CLANG_WARN_OBJC_ROOT_CLASS = YES_ERROR;
				CLANG_WARN_QUOTED_INCLUDE_IN_FRAMEWORK_HEADER = YES;
				CLANG_WARN_RANGE_LOOP_ANALYSIS = YES;
				CLANG_WARN_STRICT_PROTOTYPES = YES;
				CLANG_WARN_SUSPICIOUS_MOVE = YES;
				CLANG_WARN_UNGUARDED_AVAILABILITY = YES_AGGRESSIVE;
				CLANG_WARN_UNREACHABLE_CODE = YES;
				CLANG_WARN__DUPLICATE_METHOD_MATCH = YES;
				COPY_PHASE_STRIP = NO;
				DEBUG_INFORMATION_FORMAT = "dwarf-with-dsym";
				ENABLE_NS_ASSERTIONS = NO;
				ENABLE_STRICT_OBJC_MSGSEND = YES;
				GCC_C_LANGUAGE_STANDARD = gnu11;
				GCC_NO_COMMON_BLOCKS = YES;
				GCC_WARN_64_TO_32_BIT_CONVERSION = YES;
				GCC_WARN_ABOUT_RETURN_TYPE = YES_ERROR;
				GCC_WARN_UNDECLARED_SELECTOR = YES;
				GCC_WARN_UNINITIALIZED_AUTOS = YES_AGGRESSIVE;
				GCC_WARN_UNUSED_FUNCTION = YES;
				GCC_WARN_UNUSED_VARIABLE = YES;
				IPHONEOS_DEPLOYMENT_TARGET = 16.0;
				MTL_ENABLE_DEBUG_INFO = NO;
				MTL_FAST_MATH = YES;
				SDKROOT = iphoneos;
				SWIFT_COMPILATION_MODE = wholemodule;
				SWIFT_OPTIMIZATION_LEVEL = "-O";
				VALIDATE_PRODUCT = YES;
			};
			name = Release;
		};
		629F0C0F28D60C640043B587 /* Debug */ = {
			isa = XCBuildConfiguration;
			buildSettings = {
				ASSETCATALOG_COMPILER_APPICON_NAME = AppIcon;
				ASSETCATALOG_COMPILER_GLOBAL_ACCENT_COLOR_NAME = AccentColor;
				CODE_SIGN_STYLE = Automatic;
				CURRENT_PROJECT_VERSION = 1;
				DEVELOPMENT_ASSET_PATHS = "\"QRCode Generator/Preview Content\"";
				ENABLE_PREVIEWS = YES;
				GENERATE_INFOPLIST_FILE = YES;
				INFOPLIST_KEY_UIApplicationSceneManifest_Generation = YES;
				INFOPLIST_KEY_UIApplicationSupportsIndirectInputEvents = YES;
				INFOPLIST_KEY_UILaunchScreen_Generation = YES;
				INFOPLIST_KEY_UISupportedInterfaceOrientations_iPad = "UIInterfaceOrientationPortrait UIInterfaceOrientationPortraitUpsideDown UIInterfaceOrientationLandscapeLeft UIInterfaceOrientationLandscapeRight";
				INFOPLIST_KEY_UISupportedInterfaceOrientations_iPhone = "UIInterfaceOrientationPortrait UIInterfaceOrientationLandscapeLeft UIInterfaceOrientationLandscapeRight";
				LD_RUNPATH_SEARCH_PATHS = (
					"$(inherited)",
					"@executable_path/Frameworks",
				);
				MARKETING_VERSION = 1.0;
				PRODUCT_BUNDLE_IDENTIFIER = "com.dilshad.QRCode-Generator";
				PRODUCT_NAME = "$(TARGET_NAME)";
				SWIFT_EMIT_LOC_STRINGS = YES;
				SWIFT_VERSION = 5.0;
				TARGETED_DEVICE_FAMILY = "1,2";
			};
			name = Debug;
		};
		629F0C1028D60C640043B587 /* Release */ = {
			isa = XCBuildConfiguration;
			buildSettings = {
				ASSETCATALOG_COMPILER_APPICON_NAME = AppIcon;
				ASSETCATALOG_COMPILER_GLOBAL_ACCENT_COLOR_NAME = AccentColor;
				CODE_SIGN_STYLE = Automatic;
				CURRENT_PROJECT_VERSION = 1;
				DEVELOPMENT_ASSET_PATHS = "\"QRCode Generator/Preview Content\"";
				ENABLE_PREVIEWS = YES;
				GENERATE_INFOPLIST_FILE = YES;
				INFOPLIST_KEY_UIApplicationSceneManifest_Generation = YES;
				INFOPLIST_KEY_UIApplicationSupportsIndirectInputEvents = YES;
				INFOPLIST_KEY_UILaunchScreen_Generation = YES;
				INFOPLIST_KEY_UISupportedInterfaceOrientations_iPad = "UIInterfaceOrientationPortrait UIInterfaceOrientationPortraitUpsideDown UIInterfaceOrientationLandscapeLeft UIInterfaceOrientationLandscapeRight";
				INFOPLIST_KEY_UISupportedInterfaceOrientations_iPhone = "UIInterfaceOrientationPortrait UIInterfaceOrientationLandscapeLeft UIInterfaceOrientationLandscapeRight";
				LD_RUNPATH_SEARCH_PATHS = (
					"$(inherited)",
					"@executable_path/Frameworks",
				);
				MARKETING_VERSION = 1.0;
				PRODUCT_BUNDLE_IDENTIFIER = "com.dilshad.QRCode-Generator";
				PRODUCT_NAME = "$(TARGET_NAME)";
				SWIFT_EMIT_LOC_STRINGS = YES;
				SWIFT_VERSION = 5.0;
				TARGETED_DEVICE_FAMILY = "1,2";
			};
			name = Release;
		};
		629F0C1228D60C640043B587 /* Debug */ = {
			isa = XCBuildConfiguration;
			buildSettings = {
				ALWAYS_EMBED_SWIFT_STANDARD_LIBRARIES = YES;
				BUNDLE_LOADER = "$(TEST_HOST)";
				CODE_SIGN_STYLE = Automatic;
				CURRENT_PROJECT_VERSION = 1;
				GENERATE_INFOPLIST_FILE = YES;
				IPHONEOS_DEPLOYMENT_TARGET = 16.0;
				MARKETING_VERSION = 1.0;
				PRODUCT_BUNDLE_IDENTIFIER = "com.dilshad.QRCode-GeneratorTests";
				PRODUCT_NAME = "$(TARGET_NAME)";
				SWIFT_EMIT_LOC_STRINGS = NO;
				SWIFT_VERSION = 5.0;
				TARGETED_DEVICE_FAMILY = "1,2";
				TEST_HOST = "$(BUILT_PRODUCTS_DIR)/QRCode Generator.app/$(BUNDLE_EXECUTABLE_FOLDER_PATH)/QRCode Generator";
			};
			name = Debug;
		};
		629F0C1328D60C640043B587 /* Release */ = {
			isa = XCBuildConfiguration;
			buildSettings = {
				ALWAYS_EMBED_SWIFT_STANDARD_LIBRARIES = YES;
				BUNDLE_LOADER = "$(TEST_HOST)";
				CODE_SIGN_STYLE = Automatic;
				CURRENT_PROJECT_VERSION = 1;
				GENERATE_INFOPLIST_FILE = YES;
				IPHONEOS_DEPLOYMENT_TARGET = 16.0;
				MARKETING_VERSION = 1.0;
				PRODUCT_BUNDLE_IDENTIFIER = "com.dilshad.QRCode-GeneratorTests";
				PRODUCT_NAME = "$(TARGET_NAME)";
				SWIFT_EMIT_LOC_STRINGS = NO;
				SWIFT_VERSION = 5.0;
				TARGETED_DEVICE_FAMILY = "1,2";
				TEST_HOST = "$(BUILT_PRODUCTS_DIR)/QRCode Generator.app/$(BUNDLE_EXECUTABLE_FOLDER_PATH)/QRCode Generator";
			};
			name = Release;
		};
		629F0C1528D60C640043B587 /* Debug */ = {
			isa = XCBuildConfiguration;
			buildSettings = {
				ALWAYS_EMBED_SWIFT_STANDARD_LIBRARIES = YES;
				CODE_SIGN_STYLE = Automatic;
				CURRENT_PROJECT_VERSION = 1;
				GENERATE_INFOPLIST_FILE = YES;
				MARKETING_VERSION = 1.0;
				PRODUCT_BUNDLE_IDENTIFIER = "com.dilshad.QRCode-GeneratorUITests";
				PRODUCT_NAME = "$(TARGET_NAME)";
				SWIFT_EMIT_LOC_STRINGS = NO;
				SWIFT_VERSION = 5.0;
				TARGETED_DEVICE_FAMILY = "1,2";
				TEST_TARGET_NAME = "QRCode Generator";
			};
			name = Debug;
		};
		629F0C1628D60C640043B587 /* Release */ = {
			isa = XCBuildConfiguration;
			buildSettings = {
				ALWAYS_EMBED_SWIFT_STANDARD_LIBRARIES = YES;
				CODE_SIGN_STYLE = Automatic;
				CURRENT_PROJECT_VERSION = 1;
				GENERATE_INFOPLIST_FILE = YES;
				MARKETING_VERSION = 1.0;
				PRODUCT_BUNDLE_IDENTIFIER = "com.dilshad.QRCode-GeneratorUITests";
				PRODUCT_NAME = "$(TARGET_NAME)";
				SWIFT_EMIT_LOC_STRINGS = NO;
				SWIFT_VERSION = 5.0;
				TARGETED_DEVICE_FAMILY = "1,2";
				TEST_TARGET_NAME = "QRCode Generator";
			};
			name = Release;
		};
/* End XCBuildConfiguration section */

/* Begin XCConfigurationList section */
		629F0BE528D60C620043B587 /* Build configuration list for PBXProject "QRCode Generator" */ = {
			isa = XCConfigurationList;
			buildConfigurations = (
				629F0C0C28D60C640043B587 /* Debug */,
				629F0C0D28D60C640043B587 /* Release */,
			);
			defaultConfigurationIsVisible = 0;
			defaultConfigurationName = Release;
		};
		629F0C0E28D60C640043B587 /* Build configuration list for PBXNativeTarget "QRCode Generator" */ = {
			isa = XCConfigurationList;
			buildConfigurations = (
				629F0C0F28D60C640043B587 /* Debug */,
				629F0C1028D60C640043B587 /* Release */,
			);
			defaultConfigurationIsVisible = 0;
			defaultConfigurationName = Release;
		};
		629F0C1128D60C640043B587 /* Build configuration list for PBXNativeTarget "QRCode GeneratorTests" */ = {
			isa = XCConfigurationList;
			buildConfigurations = (
				629F0C1228D60C640043B587 /* Debug */,
				629F0C1328D60C640043B587 /* Release */,
			);
			defaultConfigurationIsVisible = 0;
			defaultConfigurationName = Release;
		};
		629F0C1428D60C640043B587 /* Build configuration list for PBXNativeTarget "QRCode GeneratorUITests" */ = {
			isa = XCConfigurationList;
			buildConfigurations = (
				629F0C1528D60C640043B587 /* Debug */,
				629F0C1628D60C640043B587 /* Release */,
			);
			defaultConfigurationIsVisible = 0;
			defaultConfigurationName = Release;
		};
/* End XCConfigurationList section */
	};
	rootObject = 629F0BE228D60C620043B587 /* Project object */;
}
